# THIS IS AN AUTOGENERATED FILE. DO NOT EDIT THIS FILE DIRECTLY.
# yarn lockfile v1


helpful-decorators@^2.1.0:
  version "2.1.0"
  resolved "https://registry.yarnpkg.com/helpful-decorators/-/helpful-decorators-2.1.0.tgz#3be11ed4600b856dc117336c8a2d8f2b60401052"
  integrity sha512-RiJEDqSD5c7zmNbx0EgcOvHMOu793Q5M51Q8lS+EHtBmxVE89s95ScMg0bLmLqMl2mA+JEU6WfXkyGLcdYb0wg==
  dependencies:
    lodash.debounce "4.0.8"
    lodash.delay "4.1.1"
    lodash.memoize "4.1.2"
    lodash.once "4.1.1"
    lodash.throttle "4.1.1"

lodash.debounce@4.0.8:
  version "4.0.8"
  resolved "https://registry.yarnpkg.com/lodash.debounce/-/lodash.debounce-4.0.8.tgz#82d79bff30a67c4005ffd5e2515300ad9ca4d7af"
  integrity sha512-FT1yDzDYEoYWhnSGnpE/4Kj1fLZkDFyqRb7fNt6FdYOSxlUWAtp42Eh6Wb0rGIv/m9Bgo7x4GhQbm5Ys4SG5ow==

lodash.delay@4.1.1:
  version "4.1.1"
  resolved "https://registry.yarnpkg.com/lodash.delay/-/lodash.delay-4.1.1.tgz#8a3b424988252ab912356d8e3ce93eb172d9f231"
  integrity sha512-HDMACn/aGuz6PNBbzf2V9FKL/Rb2Vv+hSEvicdZA4JAT5o5m0rbQn4Xw62VdTzG2HRu74PInzku98fz8GQlNJg==

lodash.memoize@4.1.2:
  version "4.1.2"
  resolved "https://registry.yarnpkg.com/lodash.memoize/-/lodash.memoize-4.1.2.tgz#bcc6c49a42a2840ed997f323eada5ecd182e0bfe"
  integrity sha512-t7j+NzmgnQzTAYXcsHYLgimltOV1MXHtlOWf6GjL9Kj8GK5FInw5JotxvbOs+IvV1/Dzo04/fCGfLVs7aXb4Ag==

lodash.once@4.1.1:
  version "4.1.1"
  resolved "https://registry.yarnpkg.com/lodash.once/-/lodash.once-4.1.1.tgz#0dd3971213c7c56df880977d504c88fb471a97ac"
  integrity sha512-Sb487aTOCr9drQVL8pIxOzVhafOjZN9UU54hiN8PU3uAiSV7lx1yYNpbNmex2PK6dSJoNTSJUUswT651yww3Mg==

lodash.throttle@4.1.1:
  version "4.1.1"
  resolved "https://registry.yarnpkg.com/lodash.throttle/-/lodash.throttle-4.1.1.tgz#c23e91b710242ac70c37f1e1cda9274cc39bf2f4"
  integrity sha512-wIkUCfVKpVsWo3JSZlc+8MB5it+2AN5W8J7YVMST30UrvcQNZ1Okbj+rbVniijTWE6FGYy4XJq/rHkas8qJMLQ==
